
Microsoft Visual Studio Solution File, Format Version 12.00
Project("{FAE04EC0-301F-11D3-BF4B-00C04F79EFBC}") = "ReservationSaga", "ReservationSaga\ReservationSaga.csproj", "{9C666269-78A0-4369-AF47-7D3600F5540F}"
EndProject
Project("{FAE04EC0-301F-11D3-BF4B-00C04F79EFBC}") = "ReserveSync", "ReserveSync\ReserveSync.csproj", "{B0DFD31E-E53A-45C6-AB2A-541F0E1F3EE0}"
EndProject
Global
	GlobalSection(SolutionConfigurationPlatforms) = preSolution
		Debug|Any CPU = Debug|Any CPU
		Release|Any CPU = Release|Any CPU
	EndGlobalSection
	GlobalSection(ProjectConfigurationPlatforms) = postSolution
		{9C666269-78A0-4369-AF47-7D3600F5540F}.Debug|Any CPU.ActiveCfg = Debug|Any CPU
		{9C666269-78A0-4369-AF47-7D3600F5540F}.Debug|Any CPU.Build.0 = Debug|Any CPU
		{9C666269-78A0-4369-AF47-7D3600F5540F}.Release|Any CPU.ActiveCfg = Release|Any CPU
		{9C666269-78A0-4369-AF47-7D3600F5540F}.Release|Any CPU.Build.0 = Release|Any CPU
		{B0DFD31E-E53A-45C6-AB2A-541F0E1F3EE0}.Debug|Any CPU.ActiveCfg = Debug|Any CPU
		{B0DFD31E-E53A-45C6-AB2A-541F0E1F3EE0}.Debug|Any CPU.Build.0 = Debug|Any CPU
		{B0DFD31E-E53A-45C6-AB2A-541F0E1F3EE0}.Release|Any CPU.ActiveCfg = Release|Any CPU
		{B0DFD31E-E53A-45C6-AB2A-541F0E1F3EE0}.Release|Any CPU.Build.0 = Release|Any CPU
	EndGlobalSection
EndGlobal
